# @generated by Move, please check-in and do not edit manually.

[move]
version = 2
manifest_digest = "3F6A12A85775382B93AD0C7BC165D423A6F7062B85214B41838BFDCFCA6C0A63"
deps_digest = "F8BBB0CCB2491CA29A3DF03D6F92277A4F3574266507ACD77214D37ECA3F3082"
dependencies = [
  { name = "Sui" },
]

[[move.package]]
name = "MoveStdlib"
source = { git = "https://github.com/MystenLabs/sui.git", rev = "testnet-v1.34.1", subdir = "crates/sui-framework/packages/move-stdlib" }

[[move.package]]
name = "Sui"
source = { git = "https://github.com/MystenLabs/sui.git", rev = "testnet-v1.34.1", subdir = "crates/sui-framework/packages/sui-framework" }

dependencies = [
  { name = "MoveStdlib" },
]

[move.toolchain-version]
compiler-version = "1.34.1"
edition = "2024.beta"
flavor = "sui"

[env]

[env.testnet]
chain-id = "4c78adac"
original-published-id = "0x411d197869a261a42911ac454e063231301c18d0c0f9289f3a4c414db016e60e"
latest-published-id = "0x411d197869a261a42911ac454e063231301c18d0c0f9289f3a4c414db016e60e"
published-version = "1"
